// !$*UTF8*$!
{
	archiveVersion = 1;
	classes = {
	};
	objectVersion = 50;
	objects = {

/* Begin PBXFileReference section */
		DF426C9A24EC62F90030A0D7 /* hotpatch */ = {isa = PBXFileReference; lastKnownFileType = folder; path = hotpatch; sourceTree = "<group>"; };
		DF426C9B24EC63440030A0D7 /* README.md */ = {isa = PBXFileReference; lastKnownFileType = net.daringfireball.markdown; path = README.md; sourceTree = "<group>"; };
		DF426C9C24EC65D20030A0D7 /* Changelog.md */ = {isa = PBXFileReference; lastKnownFileType = net.daringfireball.markdown; path = Changelog.md; sourceTree = "<group>"; };
		DF426C9D24EC7F5D0030A0D7 /* EFI */ = {isa = PBXFileReference; lastKnownFileType = folder; path = EFI; sourceTree = "<group>"; };
/* End PBXFileReference section */

/* Begin PBXGroup section */
		DF426C9324EC62D70030A0D7 = {
			isa = PBXGroup;
			children = (
				DF426C9B24EC63440030A0D7 /* README.md */,
				DF426C9C24EC65D20030A0D7 /* Changelog.md */,
				DF426C9D24EC7F5D0030A0D7 /* EFI */,
				DF426C9A24EC62F90030A0D7 /* hotpatch */,
			);
			sourceTree = "<group>";
		};
/* End PBXGroup section */

/* Begin PBXProject section */
		DF426C9424EC62D70030A0D7 /* Project object */ = {
			isa = PBXProject;
			attributes = {
				LastUpgradeCheck = 1160;
			};
			buildConfigurationList = DF426C9724EC62D70030A0D7 /* Build configuration list for PBXProject "Lenovo-Thinkpad-X240" */;
			compatibilityVersion = "Xcode 9.3";
			developmentRegion = en;
			hasScannedForEncodings = 0;
			knownRegions = (
				en,
				Base,
			);
			mainGroup = DF426C9324EC62D70030A0D7;
			projectDirPath = "";
			projectRoot = "";
			targets = (
			);
		};
/* End PBXProject section */

/* Begin XCBuildConfiguration section */
		DF426C9824EC62D70030A0D7 /* Debug */ = {
			isa = XCBuildConfiguration;
			buildSettings = {
			};
			name = Debug;
		};
		DF426C9924EC62D70030A0D7 /* Release */ = {
			isa = XCBuildConfiguration;
			buildSettings = {
			};
			name = Release;
		};
/* End XCBuildConfiguration section */

/* Begin XCConfigurationList section */
		DF426C9724EC62D70030A0D7 /* Build configuration list for PBXProject "Lenovo-Thinkpad-X240" */ = {
			isa = XCConfigurationList;
			buildConfigurations = (
				DF426C9824EC62D70030A0D7 /* Debug */,
				DF426C9924EC62D70030A0D7 /* Release */,
			);
			defaultConfigurationIsVisible = 0;
			defaultConfigurationName = Release;
		};
/* End XCConfigurationList section */
	};
	rootObject = DF426C9424EC62D70030A0D7 /* Project object */;
}
